
Microsoft Visual Studio Solution File, Format Version 12.00
# Visual Studio Version 17
VisualStudioVersion = 17.2.32505.173
MinimumVisualStudioVersion = 10.0.40219.1
Project("{FAE04EC0-301F-11D3-BF4B-00C04F79EFBC}") = "MiniMarket", "MiniMarket\MiniMarket.csproj", "{05EEBFD2-9E2D-4859-A7B0-E902BEFF13DB}"
EndProject
Project("{FAE04EC0-301F-11D3-BF4B-00C04F79EFBC}") = "CapaPresentacion", "CapaPresentacion\CapaPresentacion.csproj", "{61BEB364-EE6F-4C57-B37B-8E106FA7F709}"
EndProject
Project("{FAE04EC0-301F-11D3-BF4B-00C04F79EFBC}") = "CapaNegocio", "CapaNegocio\CapaNegocio.csproj", "{C5E98366-9C6C-41BA-8734-0AE369C124A3}"
EndProject
Project("{FAE04EC0-301F-11D3-BF4B-00C04F79EFBC}") = "CapaDatos", "CapaDatos\CapaDatos.csproj", "{FFC63206-EE0E-4057-B0B8-001B9D645FF1}"
EndProject
Project("{FAE04EC0-301F-11D3-BF4B-00C04F79EFBC}") = "CapaEntidades", "CapaEntidades\CapaEntidades.csproj", "{C2F83D65-FB20-4666-B233-26B0E0F90EDD}"
EndProject
Global
	GlobalSection(SolutionConfigurationPlatforms) = preSolution
		Debug|Any CPU = Debug|Any CPU
		Release|Any CPU = Release|Any CPU
	EndGlobalSection
	GlobalSection(ProjectConfigurationPlatforms) = postSolution
		{05EEBFD2-9E2D-4859-A7B0-E902BEFF13DB}.Debug|Any CPU.ActiveCfg = Debug|Any CPU
		{05EEBFD2-9E2D-4859-A7B0-E902BEFF13DB}.Debug|Any CPU.Build.0 = Debug|Any CPU
		{05EEBFD2-9E2D-4859-A7B0-E902BEFF13DB}.Release|Any CPU.ActiveCfg = Release|Any CPU
		{05EEBFD2-9E2D-4859-A7B0-E902BEFF13DB}.Release|Any CPU.Build.0 = Release|Any CPU
		{61BEB364-EE6F-4C57-B37B-8E106FA7F709}.Debug|Any CPU.ActiveCfg = Debug|Any CPU
		{61BEB364-EE6F-4C57-B37B-8E106FA7F709}.Debug|Any CPU.Build.0 = Debug|Any CPU
		{61BEB364-EE6F-4C57-B37B-8E106FA7F709}.Release|Any CPU.ActiveCfg = Release|Any CPU
		{61BEB364-EE6F-4C57-B37B-8E106FA7F709}.Release|Any CPU.Build.0 = Release|Any CPU
		{C5E98366-9C6C-41BA-8734-0AE369C124A3}.Debug|Any CPU.ActiveCfg = Debug|Any CPU
		{C5E98366-9C6C-41BA-8734-0AE369C124A3}.Debug|Any CPU.Build.0 = Debug|Any CPU
		{C5E98366-9C6C-41BA-8734-0AE369C124A3}.Release|Any CPU.ActiveCfg = Release|Any CPU
		{C5E98366-9C6C-41BA-8734-0AE369C124A3}.Release|Any CPU.Build.0 = Release|Any CPU
		{FFC63206-EE0E-4057-B0B8-001B9D645FF1}.Debug|Any CPU.ActiveCfg = Debug|Any CPU
		{FFC63206-EE0E-4057-B0B8-001B9D645FF1}.Debug|Any CPU.Build.0 = Debug|Any CPU
		{FFC63206-EE0E-4057-B0B8-001B9D645FF1}.Release|Any CPU.ActiveCfg = Release|Any CPU
		{FFC63206-EE0E-4057-B0B8-001B9D645FF1}.Release|Any CPU.Build.0 = Release|Any CPU
		{C2F83D65-FB20-4666-B233-26B0E0F90EDD}.Debug|Any CPU.ActiveCfg = Debug|Any CPU
		{C2F83D65-FB20-4666-B233-26B0E0F90EDD}.Debug|Any CPU.Build.0 = Debug|Any CPU
		{C2F83D65-FB20-4666-B233-26B0E0F90EDD}.Release|Any CPU.ActiveCfg = Release|Any CPU
		{C2F83D65-FB20-4666-B233-26B0E0F90EDD}.Release|Any CPU.Build.0 = Release|Any CPU
	EndGlobalSection
	GlobalSection(SolutionProperties) = preSolution
		HideSolutionNode = FALSE
	EndGlobalSection
	GlobalSection(ExtensibilityGlobals) = postSolution
		SolutionGuid = {1E372FCC-D50B-448E-AB1F-A7EAFBA82387}
	EndGlobalSection
EndGlobal
